<?xml version="1.0" encoding="utf-8"?>
<Project ToolsVersion="4.0" xmlns="http://schemas.microsoft.com/developer/msbuild/2003">
  <ItemGroup>
    <Filter Include="Source Files">
      <UniqueIdentifier>{4FC737F1-C7A5-4376-A066-2A32D752A2FF}</UniqueIdentifier>
      <Extensions>cpp;c;cc;cxx;def;odl;idl;hpj;bat;asm;asmx</Extensions>
    </Filter>
    <Filter Include="Header Files">
      <UniqueIdentifier>{93995380-89BD-4b04-88EB-625FBE52EBFB}</UniqueIdentifier>
      <Extensions>h;hh;hpp;hxx;hm;inl;inc;ipp;xsd</Extensions>
    </Filter>
    <Filter Include="Resource Files">
      <UniqueIdentifier>{67DA6AB6-F800-4c08-8B7A-83BB121AAD01}</UniqueIdentifier>
      <Extensions>rc;ico;cur;bmp;dlg;rc2;rct;bin;rgs;gif;jpg;jpeg;jpe;resx;tiff;tif;png;wav;mfcribbon-ms</Extensions>
    </Filter>
    <Filter Include="Source Files\ASIO">
      <UniqueIdentifier>{5fd01931-f641-4675-9aac-3b830ca01bdc}</UniqueIdentifier>
    </Filter>
    <Filter Include="Source Files\PortAudio">
      <UniqueIdentifier>{675ac8e1-1e88-4cb1-a962-1ef661176de8}</UniqueIdentifier>
    </Filter>
    <Filter Include="Source Files\PortAudio\common">
      <UniqueIdentifier>{994f5774-62bb-47ee-b98c-99809722d809}</UniqueIdentifier>
    </Filter>
    <Filter Include="Source Files\PortAudio\hostapi">
      <UniqueIdentifier>{5d9c3b3a-a536-441e-bc89-3760cba7e737}</UniqueIdentifier>
    </Filter>
    <Filter Include="Source Files\PortAudio\hostapi\asio">
      <UniqueIdentifier>{708081e8-0e89-42e5-82bd-3679b17cb19f}</UniqueIdentifier>
    </Filter>
    <Filter Include="Source Files\PortAudio\os">
      <UniqueIdentifier>{7bb294f6-5f05-48aa-968c-21166fca0628}</UniqueIdentifier>
    </Filter>
    <Filter Include="Source Files\PortAudio\os\win">
      <UniqueIdentifier>{f628f39c-b8d9-42ad-8c2c-ff984fc9d1aa}</UniqueIdentifier>
    </Filter>
    <Filter Include="Header Files\PortAudio">
      <UniqueIdentifier>{ad9d1b83-5f8e-4ecf-aa42-4b16ebffebea}</UniqueIdentifier>
    </Filter>
    <Filter Include="Source Files\sythesizer">
      <UniqueIdentifier>{82b580b5-1e16-464e-8e90-019ae5c0e6f1}</UniqueIdentifier>
    </Filter>
    <Filter Include="Source Files\sythesizer\Keyboard">
      <UniqueIdentifier>{c6203beb-38b2-467b-a69e-251cf98a8895}</UniqueIdentifier>
    </Filter>
    <Filter Include="Source Files\sythesizer\Music">
      <UniqueIdentifier>{c8f44b0c-c245-4010-9262-1fca6a04d5e7}</UniqueIdentifier>
    </Filter>
    <Filter Include="Source Files\sythesizer\Components">
      <UniqueIdentifier>{a978d2a1-6599-4b49-9175-e1a2c13eb2e9}</UniqueIdentifier>
    </Filter>
    <Filter Include="Source Files\sythesizer\Instruments">
      <UniqueIdentifier>{01136764-069f-4c1d-9413-88286a3733eb}</UniqueIdentifier>
    </Filter>
    <Filter Include="Source Files\sythesizer\Interface">
      <UniqueIdentifier>{68cb789c-7524-407b-a503-8f880d56e8ef}</UniqueIdentifier>
    </Filter>
    <Filter Include="Header Files\sythesizer">
      <UniqueIdentifier>{1fadd04e-f71b-48c7-ba75-1108d54db501}</UniqueIdentifier>
    </Filter>
    <Filter Include="Header Files\sythesizer\Keyboard">
      <UniqueIdentifier>{1ed98187-4ff8-44b7-92da-cf7a961b4127}</UniqueIdentifier>
    </Filter>
    <Filter Include="Header Files\sythesizer\Components">
      <UniqueIdentifier>{e7d2e1f8-0723-4f3e-aafc-8b70b22572a7}</UniqueIdentifier>
    </Filter>
    <Filter Include="Header Files\sythesizer\Instruments">
      <UniqueIdentifier>{04760dbe-34a2-45fb-8a60-22fe83ef12bb}</UniqueIdentifier>
    </Filter>
    <Filter Include="Header Files\sythesizer\Music">
      <UniqueIdentifier>{1ad5600f-3efa-4b75-8b04-486f2f11416d}</UniqueIdentifier>
    </Filter>
    <Filter Include="Header Files\sythesizer\Interface">
      <UniqueIdentifier>{cdc83a29-8afb-4724-8e0d-cdd7270de63b}</UniqueIdentifier>
    </Filter>
  </ItemGroup>
  <ItemGroup>
    <ClInclude Include="pch.h">
      <Filter>Header Files</Filter>
    </ClInclude>
    <ClInclude Include="..\..\portaudio\include\pa_asio.h">
      <Filter>Header Files\PortAudio</Filter>
    </ClInclude>
    <ClInclude Include="..\..\portaudio\include\portaudio.h">
      <Filter>Header Files\PortAudio</Filter>
    </ClInclude>
    <ClInclude Include="Keyboard\activekeys.h">
      <Filter>Header Files\sythesizer\Keyboard</Filter>
    </ClInclude>
    <ClInclude Include="Keyboard\keyboard.h">
      <Filter>Header Files\sythesizer\Keyboard</Filter>
    </ClInclude>
    <ClInclude Include="Keyboard\keymap.h">
      <Filter>Header Files\sythesizer\Keyboard</Filter>
    </ClInclude>
    <ClInclude Include="Components\mixer.h">
      <Filter>Header Files\sythesizer\Components</Filter>
    </ClInclude>
    <ClInclude Include="Components\synth.h">
      <Filter>Header Files\sythesizer\Components</Filter>
    </ClInclude>
    <ClInclude Include="Instruments\sine.h">
      <Filter>Header Files\sythesizer\Instruments</Filter>
    </ClInclude>
    <ClInclude Include="Music\freqmap.h">
      <Filter>Header Files\sythesizer\Music</Filter>
    </ClInclude>
    <ClInclude Include="Music\note.h">
      <Filter>Header Files\sythesizer\Music</Filter>
    </ClInclude>
    <ClInclude Include="Keyboard\activenotes.h">
      <Filter>Header Files\sythesizer\Keyboard</Filter>
    </ClInclude>
    <ClInclude Include="Interface\interface.h">
      <Filter>Header Files\sythesizer\Interface</Filter>
    </ClInclude>
    <ClInclude Include="Music\transpose.h">
      <Filter>Header Files\sythesizer\Music</Filter>
    </ClInclude>
    <ClInclude Include="Components\normalizer.h">
      <Filter>Header Files\sythesizer\Components</Filter>
    </ClInclude>
    <ClInclude Include="Instruments\saw.h">
      <Filter>Header Files\sythesizer\Instruments</Filter>
    </ClInclude>
    <ClInclude Include="Interface\groupbox.h">
      <Filter>Header Files\sythesizer\Interface</Filter>
    </ClInclude>
    <ClInclude Include="Instruments\square.h">
      <Filter>Header Files\sythesizer\Instruments</Filter>
    </ClInclude>
  </ItemGroup>
  <ItemGroup>
    <ClCompile Include="..\..\portaudio\src\common\pa_allocation.c">
      <Filter>Source Files\PortAudio\common</Filter>
    </ClCompile>
    <ClCompile Include="..\..\portaudio\src\common\pa_converters.c">
      <Filter>Source Files\PortAudio\common</Filter>
    </ClCompile>
    <ClCompile Include="..\..\portaudio\src\common\pa_cpuload.c">
      <Filter>Source Files\PortAudio\common</Filter>
    </ClCompile>
    <ClCompile Include="..\..\portaudio\src\common\pa_dither.c">
      <Filter>Source Files\PortAudio\common</Filter>
    </ClCompile>
    <ClCompile Include="..\..\portaudio\src\common\pa_front.c">
      <Filter>Source Files\PortAudio\common</Filter>
    </ClCompile>
    <ClCompile Include="..\..\portaudio\src\common\pa_process.c">
      <Filter>Source Files\PortAudio\common</Filter>
    </ClCompile>
    <ClCompile Include="..\..\portaudio\src\common\pa_ringbuffer.c">
      <Filter>Source Files\PortAudio\common</Filter>
    </ClCompile>
    <ClCompile Include="..\..\portaudio\src\common\pa_stream.c">
      <Filter>Source Files\PortAudio\common</Filter>
    </ClCompile>
    <ClCompile Include="..\..\portaudio\src\common\pa_trace.c">
      <Filter>Source Files\PortAudio\common</Filter>
    </ClCompile>
    <ClCompile Include="..\..\portaudio\src\hostapi\asio\pa_asio.cpp">
      <Filter>Source Files\PortAudio\hostapi\asio</Filter>
    </ClCompile>
    <ClCompile Include="..\..\portaudio\src\os\win\pa_win_coinitialize.c">
      <Filter>Source Files\PortAudio\os\win</Filter>
    </ClCompile>
    <ClCompile Include="..\..\portaudio\src\os\win\pa_win_hostapis.c">
      <Filter>Source Files\PortAudio\os\win</Filter>
    </ClCompile>
    <ClCompile Include="..\..\portaudio\src\os\win\pa_win_util.c">
      <Filter>Source Files\PortAudio\os\win</Filter>
    </ClCompile>
    <ClCompile Include="..\..\portaudio\src\os\win\pa_win_waveformat.c">
      <Filter>Source Files\PortAudio\os\win</Filter>
    </ClCompile>
    <ClCompile Include="..\..\portaudio\src\os\win\pa_x86_plain_converters.c">
      <Filter>Source Files\PortAudio\os\win</Filter>
    </ClCompile>
    <ClCompile Include="..\..\asiosdk2\common\asio.cpp">
      <Filter>Source Files\ASIO</Filter>
    </ClCompile>
    <ClCompile Include="..\..\asiosdk2\host\asiodrivers.cpp">
      <Filter>Source Files\ASIO</Filter>
    </ClCompile>
    <ClCompile Include="..\..\asiosdk2\host\pc\asiolist.cpp">
      <Filter>Source Files\ASIO</Filter>
    </ClCompile>
    <ClCompile Include="Components\mixer.c">
      <Filter>Source Files\sythesizer\Components</Filter>
    </ClCompile>
    <ClCompile Include="Components\synth.c">
      <Filter>Source Files\sythesizer\Components</Filter>
    </ClCompile>
    <ClCompile Include="Instruments\sine.c">
      <Filter>Source Files\sythesizer\Instruments</Filter>
    </ClCompile>
    <ClCompile Include="Music\freqmap.c">
      <Filter>Source Files\sythesizer\Music</Filter>
    </ClCompile>
    <ClCompile Include="Keyboard\activekeys.c">
      <Filter>Source Files\sythesizer\Keyboard</Filter>
    </ClCompile>
    <ClCompile Include="Keyboard\keyboard.c">
      <Filter>Source Files\sythesizer\Keyboard</Filter>
    </ClCompile>
    <ClCompile Include="Keyboard\keymap.c">
      <Filter>Source Files\sythesizer\Keyboard</Filter>
    </ClCompile>
    <ClCompile Include="Keyboard\activenotes.c">
      <Filter>Source Files\sythesizer\Keyboard</Filter>
    </ClCompile>
    <ClCompile Include="Interface\interface.c">
      <Filter>Source Files\sythesizer\Interface</Filter>
    </ClCompile>
    <ClCompile Include="Music\transpose.c">
      <Filter>Source Files\sythesizer\Music</Filter>
    </ClCompile>
    <ClCompile Include="Components\normalizer.c">
      <Filter>Source Files\sythesizer\Components</Filter>
    </ClCompile>
    <ClCompile Include="Instruments\saw.c">
      <Filter>Source Files\sythesizer\Instruments</Filter>
    </ClCompile>
    <ClCompile Include="Interface\groupbox.c">
      <Filter>Source Files\sythesizer\Interface</Filter>
    </ClCompile>
    <ClCompile Include="Instruments\square.c">
      <Filter>Source Files\sythesizer\Instruments</Filter>
    </ClCompile>
    <ClCompile Include="synthesizer.cpp">
      <Filter>Source Files</Filter>
    </ClCompile>
  </ItemGroup>
</Project>